<?xml version="1.0"?>
<Project ToolsVersion="4.0" xmlns="http://schemas.microsoft.com/developer/msbuild/2003">
	<ItemGroup>
		<ClCompile Include="src\ofApp.cpp">
			<Filter>src</Filter>
		</ClCompile>
		<ClCompile Include="src\main.cpp">
			<Filter>src</Filter>
		</ClCompile>
		<ClCompile Include="src\main.cpp">
			<Filter>src</Filter>
		</ClCompile>
		<ClCompile Include="src\ofApp.cpp">
			<Filter>src</Filter>
		</ClCompile>
		<ClCompile Include="..\..\..\addons\ofxSunCalc\src\ofxSunCalc.cpp">
			<Filter>addons\ofxSunCalc\src</Filter>
		</ClCompile>
		<ClCompile Include="..\..\..\addons\ofxYahooWeather\src\ofxYahooWeather.cpp">
			<Filter>addons\ofxYahooWeather\src</Filter>
		</ClCompile>
	</ItemGroup>
	<ItemGroup>
		<Filter Include="src">
			<UniqueIdentifier>{d8376475-7454-4a24-b08a-aac121d3ad6f}</UniqueIdentifier>
		</Filter>
		<Filter Include="addons">
			<UniqueIdentifier>{71834F65-F3A9-211E-73B8-DC85}</UniqueIdentifier>
		</Filter>
		<Filter Include="addons\ofxSunCalc">
			<UniqueIdentifier>{13A77F0F-5B17-1BF1-1EDE-96CD}</UniqueIdentifier>
		</Filter>
		<Filter Include="addons\ofxSunCalc\src">
			<UniqueIdentifier>{9DF9CE7F-0BF9-814E-35FF-C610}</UniqueIdentifier>
		</Filter>
		<Filter Include="addons\ofxYahooWeather">
			<UniqueIdentifier>{1ACE898D-A2DE-E1BC-1421-8591}</UniqueIdentifier>
		</Filter>
		<Filter Include="addons\ofxYahooWeather\src">
			<UniqueIdentifier>{4216F2B4-533F-5EE1-7DB7-213C}</UniqueIdentifier>
		</Filter>
	</ItemGroup>
	<ItemGroup>
		<ClInclude Include="src\ofApp.h">
			<Filter>src</Filter>
		</ClInclude>
		<ClInclude Include="src\ofApp.h">
			<Filter>src</Filter>
		</ClInclude>
		<ClInclude Include="..\..\..\addons\ofxSunCalc\src\ofxSunCalc.h">
			<Filter>addons\ofxSunCalc\src</Filter>
		</ClInclude>
		<ClInclude Include="..\..\..\addons\ofxYahooWeather\src\ofxYahooWeather.h">
			<Filter>addons\ofxYahooWeather\src</Filter>
		</ClInclude>
	</ItemGroup>
	<ItemGroup>
		<ResourceCompile Include="icon.rc" />
	</ItemGroup>
</Project>
